// !$*UTF8*$!
{
	archiveVersion = 1;
	classes = {
	};
	objectVersion = 46;
	objects = {

/* Begin PBXBuildFile section */
		FE5908E518485232007C3B27 /* Foundation.framework in Frameworks */ = {isa = PBXBuildFile; fileRef = FE5908E418485232007C3B27 /* Foundation.framework */; };
		FE5908E718485232007C3B27 /* CoreGraphics.framework in Frameworks */ = {isa = PBXBuildFile; fileRef = FE5908E618485232007C3B27 /* CoreGraphics.framework */; };
		FE5908E918485232007C3B27 /* UIKit.framework in Frameworks */ = {isa = PBXBuildFile; fileRef = FE5908E818485232007C3B27 /* UIKit.framework */; };
		FE5908EB18485232007C3B27 /* CoreData.framework in Frameworks */ = {isa = PBXBuildFile; fileRef = FE5908EA18485232007C3B27 /* CoreData.framework */; };
		FE5908F118485232007C3B27 /* InfoPlist.strings in Resources */ = {isa = PBXBuildFile; fileRef = FE5908EF18485232007C3B27 /* InfoPlist.strings */; };
		FE5908F318485232007C3B27 /* main.m in Sources */ = {isa = PBXBuildFile; fileRef = FE5908F218485232007C3B27 /* main.m */; };
		FE5908F718485232007C3B27 /* TWAppDelegate.m in Sources */ = {isa = PBXBuildFile; fileRef = FE5908F618485232007C3B27 /* TWAppDelegate.m */; };
		FE5908FA18485232007C3B27 /* Thousand_Words.xcdatamodeld in Sources */ = {isa = PBXBuildFile; fileRef = FE5908F818485232007C3B27 /* Thousand_Words.xcdatamodeld */; };
		FE5908FC18485232007C3B27 /* Images.xcassets in Resources */ = {isa = PBXBuildFile; fileRef = FE5908FB18485232007C3B27 /* Images.xcassets */; };
		FE59090318485232007C3B27 /* XCTest.framework in Frameworks */ = {isa = PBXBuildFile; fileRef = FE59090218485232007C3B27 /* XCTest.framework */; };
		FE59090418485232007C3B27 /* Foundation.framework in Frameworks */ = {isa = PBXBuildFile; fileRef = FE5908E418485232007C3B27 /* Foundation.framework */; };
		FE59090518485232007C3B27 /* UIKit.framework in Frameworks */ = {isa = PBXBuildFile; fileRef = FE5908E818485232007C3B27 /* UIKit.framework */; };
		FE59090618485232007C3B27 /* CoreData.framework in Frameworks */ = {isa = PBXBuildFile; fileRef = FE5908EA18485232007C3B27 /* CoreData.framework */; };
		FE59090E18485232007C3B27 /* InfoPlist.strings in Resources */ = {isa = PBXBuildFile; fileRef = FE59090C18485232007C3B27 /* InfoPlist.strings */; };
		FE59091018485232007C3B27 /* Thousand_WordsTests.m in Sources */ = {isa = PBXBuildFile; fileRef = FE59090F18485232007C3B27 /* Thousand_WordsTests.m */; };
/* End PBXBuildFile section */

/* Begin PBXContainerItemProxy section */
		FE59090718485232007C3B27 /* PBXContainerItemProxy */ = {
			isa = PBXContainerItemProxy;
			containerPortal = FE5908D918485232007C3B27 /* Project object */;
			proxyType = 1;
			remoteGlobalIDString = FE5908E018485232007C3B27;
			remoteInfo = "Thousand Words";
		};
/* End PBXContainerItemProxy section */

/* Begin PBXFileReference section */
		FE5908E118485232007C3B27 /* Thousand Words.app */ = {isa = PBXFileReference; explicitFileType = wrapper.application; includeInIndex = 0; path = "Thousand Words.app"; sourceTree = BUILT_PRODUCTS_DIR; };
		FE5908E418485232007C3B27 /* Foundation.framework */ = {isa = PBXFileReference; lastKnownFileType = wrapper.framework; name = Foundation.framework; path = System/Library/Frameworks/Foundation.framework; sourceTree = SDKROOT; };
		FE5908E618485232007C3B27 /* CoreGraphics.framework */ = {isa = PBXFileReference; lastKnownFileType = wrapper.framework; name = CoreGraphics.framework; path = System/Library/Frameworks/CoreGraphics.framework; sourceTree = SDKROOT; };
		FE5908E818485232007C3B27 /* UIKit.framework */ = {isa = PBXFileReference; lastKnownFileType = wrapper.framework; name = UIKit.framework; path = System/Library/Frameworks/UIKit.framework; sourceTree = SDKROOT; };
		FE5908EA18485232007C3B27 /* CoreData.framework */ = {isa = PBXFileReference; lastKnownFileType = wrapper.framework; name = CoreData.framework; path = System/Library/Frameworks/CoreData.framework; sourceTree = SDKROOT; };
		FE5908EE18485232007C3B27 /* Thousand Words-Info.plist */ = {isa = PBXFileReference; lastKnownFileType = text.plist.xml; path = "Thousand Words-Info.plist"; sourceTree = "<group>"; };
		FE5908F018485232007C3B27 /* en */ = {isa = PBXFileReference; lastKnownFileType = text.plist.strings; name = en; path = en.lproj/InfoPlist.strings; sourceTree = "<group>"; };
		FE5908F218485232007C3B27 /* main.m */ = {isa = PBXFileReference; lastKnownFileType = sourcecode.c.objc; path = main.m; sourceTree = "<group>"; };
		FE5908F418485232007C3B27 /* Thousand Words-Prefix.pch */ = {isa = PBXFileReference; lastKnownFileType = sourcecode.c.h; path = "Thousand Words-Prefix.pch"; sourceTree = "<group>"; };
		FE5908F518485232007C3B27 /* TWAppDelegate.h */ = {isa = PBXFileReference; lastKnownFileType = sourcecode.c.h; path = TWAppDelegate.h; sourceTree = "<group>"; };
		FE5908F618485232007C3B27 /* TWAppDelegate.m */ = {isa = PBXFileReference; lastKnownFileType = sourcecode.c.objc; path = TWAppDelegate.m; sourceTree = "<group>"; };
		FE5908F918485232007C3B27 /* Thousand_Words.xcdatamodel */ = {isa = PBXFileReference; lastKnownFileType = wrapper.xcdatamodel; path = Thousand_Words.xcdatamodel; sourceTree = "<group>"; };
		FE5908FB18485232007C3B27 /* Images.xcassets */ = {isa = PBXFileReference; lastKnownFileType = folder.assetcatalog; path = Images.xcassets; sourceTree = "<group>"; };
		FE59090118485232007C3B27 /* Thousand WordsTests.xctest */ = {isa = PBXFileReference; explicitFileType = wrapper.cfbundle; includeInIndex = 0; path = "Thousand WordsTests.xctest"; sourceTree = BUILT_PRODUCTS_DIR; };
		FE59090218485232007C3B27 /* XCTest.framework */ = {isa = PBXFileReference; lastKnownFileType = wrapper.framework; name = XCTest.framework; path = Library/Frameworks/XCTest.framework; sourceTree = DEVELOPER_DIR; };
		FE59090B18485232007C3B27 /* Thousand WordsTests-Info.plist */ = {isa = PBXFileReference; lastKnownFileType = text.plist.xml; path = "Thousand WordsTests-Info.plist"; sourceTree = "<group>"; };
		FE59090D18485232007C3B27 /* en */ = {isa = PBXFileReference; lastKnownFileType = text.plist.strings; name = en; path = en.lproj/InfoPlist.strings; sourceTree = "<group>"; };
		FE59090F18485232007C3B27 /* Thousand_WordsTests.m */ = {isa = PBXFileReference; lastKnownFileType = sourcecode.c.objc; path = Thousand_WordsTests.m; sourceTree = "<group>"; };
/* End PBXFileReference section */

/* Begin PBXFrameworksBuildPhase section */
		FE5908DE18485232007C3B27 /* Frameworks */ = {
			isa = PBXFrameworksBuildPhase;
			buildActionMask = 2147483647;
			files = (
				FE5908E718485232007C3B27 /* CoreGraphics.framework in Frameworks */,
				FE5908EB18485232007C3B27 /* CoreData.framework in Frameworks */,
				FE5908E918485232007C3B27 /* UIKit.framework in Frameworks */,
				FE5908E518485232007C3B27 /* Foundation.framework in Frameworks */,
			);
			runOnlyForDeploymentPostprocessing = 0;
		};
		FE5908FE18485232007C3B27 /* Frameworks */ = {
			isa = PBXFrameworksBuildPhase;
			buildActionMask = 2147483647;
			files = (
				FE59090318485232007C3B27 /* XCTest.framework in Frameworks */,
				FE59090618485232007C3B27 /* CoreData.framework in Frameworks */,
				FE59090518485232007C3B27 /* UIKit.framework in Frameworks */,
				FE59090418485232007C3B27 /* Foundation.framework in Frameworks */,
			);
			runOnlyForDeploymentPostprocessing = 0;
		};
/* End PBXFrameworksBuildPhase section */

/* Begin PBXGroup section */
		FE5908D818485232007C3B27 = {
			isa = PBXGroup;
			children = (
				FE5908EC18485232007C3B27 /* Thousand Words */,
				FE59090918485232007C3B27 /* Thousand WordsTests */,
				FE5908E318485232007C3B27 /* Frameworks */,
				FE5908E218485232007C3B27 /* Products */,
			);
			sourceTree = "<group>";
		};
		FE5908E218485232007C3B27 /* Products */ = {
			isa = PBXGroup;
			children = (
				FE5908E118485232007C3B27 /* Thousand Words.app */,
				FE59090118485232007C3B27 /* Thousand WordsTests.xctest */,
			);
			name = Products;
			sourceTree = "<group>";
		};
		FE5908E318485232007C3B27 /* Frameworks */ = {
			isa = PBXGroup;
			children = (
				FE5908E418485232007C3B27 /* Foundation.framework */,
				FE5908E618485232007C3B27 /* CoreGraphics.framework */,
				FE5908E818485232007C3B27 /* UIKit.framework */,
				FE5908EA18485232007C3B27 /* CoreData.framework */,
				FE59090218485232007C3B27 /* XCTest.framework */,
			);
			name = Frameworks;
			sourceTree = "<group>";
		};
		FE5908EC18485232007C3B27 /* Thousand Words */ = {
			isa = PBXGroup;
			children = (
				FE5908F518485232007C3B27 /* TWAppDelegate.h */,
				FE5908F618485232007C3B27 /* TWAppDelegate.m */,
				FE5908FB18485232007C3B27 /* Images.xcassets */,
				FE5908F818485232007C3B27 /* Thousand_Words.xcdatamodeld */,
				FE5908ED18485232007C3B27 /* Supporting Files */,
			);
			path = "Thousand Words";
			sourceTree = "<group>";
		};
		FE5908ED18485232007C3B27 /* Supporting Files */ = {
			isa = PBXGroup;
			children = (
				FE5908EE18485232007C3B27 /* Thousand Words-Info.plist */,
				FE5908EF18485232007C3B27 /* InfoPlist.strings */,
				FE5908F218485232007C3B27 /* main.m */,
				FE5908F418485232007C3B27 /* Thousand Words-Prefix.pch */,
			);
			name = "Supporting Files";
			sourceTree = "<group>";
		};
		FE59090918485232007C3B27 /* Thousand WordsTests */ = {
			isa = PBXGroup;
			children = (
				FE59090F18485232007C3B27 /* Thousand_WordsTests.m */,
				FE59090A18485232007C3B27 /* Supporting Files */,
			);
			path = "Thousand WordsTests";
			sourceTree = "<group>";
		};
		FE59090A18485232007C3B27 /* Supporting Files */ = {
			isa = PBXGroup;
			children = (
				FE59090B18485232007C3B27 /* Thousand WordsTests-Info.plist */,
				FE59090C18485232007C3B27 /* InfoPlist.strings */,
			);
			name = "Supporting Files";
			sourceTree = "<group>";
		};
/* End PBXGroup section */

/* Begin PBXNativeTarget section */
		FE5908E018485232007C3B27 /* Thousand Words */ = {
			isa = PBXNativeTarget;
			buildConfigurationList = FE59091318485232007C3B27 /* Build configuration list for PBXNativeTarget "Thousand Words" */;
			buildPhases = (
				FE5908DD18485232007C3B27 /* Sources */,
				FE5908DE18485232007C3B27 /* Frameworks */,
				FE5908DF18485232007C3B27 /* Resources */,
			);
			buildRules = (
			);
			dependencies = (
			);
			name = "Thousand Words";
			productName = "Thousand Words";
			productReference = FE5908E118485232007C3B27 /* Thousand Words.app */;
			productType = "com.apple.product-type.application";
		};
		FE59090018485232007C3B27 /* Thousand WordsTests */ = {
			isa = PBXNativeTarget;
			buildConfigurationList = FE59091618485232007C3B27 /* Build configuration list for PBXNativeTarget "Thousand WordsTests" */;
			buildPhases = (
				FE5908FD18485232007C3B27 /* Sources */,
				FE5908FE18485232007C3B27 /* Frameworks */,
				FE5908FF18485232007C3B27 /* Resources */,
			);
			buildRules = (
			);
			dependencies = (
				FE59090818485232007C3B27 /* PBXTargetDependency */,
			);
			name = "Thousand WordsTests";
			productName = "Thousand WordsTests";
			productReference = FE59090118485232007C3B27 /* Thousand WordsTests.xctest */;
			productType = "com.apple.product-type.bundle.unit-test";
		};
/* End PBXNativeTarget section */

/* Begin PBXProject section */
		FE5908D918485232007C3B27 /* Project object */ = {
			isa = PBXProject;
			attributes = {
				CLASSPREFIX = TW;
				LastUpgradeCheck = 0500;
				ORGANIZATIONNAME = "Circboxx LLC";
				TargetAttributes = {
					FE59090018485232007C3B27 = {
						TestTargetID = FE5908E018485232007C3B27;
					};
				};
			};
			buildConfigurationList = FE5908DC18485232007C3B27 /* Build configuration list for PBXProject "Thousand Words" */;
			compatibilityVersion = "Xcode 3.2";
			developmentRegion = English;
			hasScannedForEncodings = 0;
			knownRegions = (
				en,
			);
			mainGroup = FE5908D818485232007C3B27;
			productRefGroup = FE5908E218485232007C3B27 /* Products */;
			projectDirPath = "";
			projectRoot = "";
			targets = (
				FE5908E018485232007C3B27 /* Thousand Words */,
				FE59090018485232007C3B27 /* Thousand WordsTests */,
			);
		};
/* End PBXProject section */

/* Begin PBXResourcesBuildPhase section */
		FE5908DF18485232007C3B27 /* Resources */ = {
			isa = PBXResourcesBuildPhase;
			buildActionMask = 2147483647;
			files = (
				FE5908F118485232007C3B27 /* InfoPlist.strings in Resources */,
				FE5908FC18485232007C3B27 /* Images.xcassets in Resources */,
			);
			runOnlyForDeploymentPostprocessing = 0;
		};
		FE5908FF18485232007C3B27 /* Resources */ = {
			isa = PBXResourcesBuildPhase;
			buildActionMask = 2147483647;
			files = (
				FE59090E18485232007C3B27 /* InfoPlist.strings in Resources */,
			);
			runOnlyForDeploymentPostprocessing = 0;
		};
/* End PBXResourcesBuildPhase section */

/* Begin PBXSourcesBuildPhase section */
		FE5908DD18485232007C3B27 /* Sources */ = {
			isa = PBXSourcesBuildPhase;
			buildActionMask = 2147483647;
			files = (
				FE5908F318485232007C3B27 /* main.m in Sources */,
				FE5908F718485232007C3B27 /* TWAppDelegate.m in Sources */,
				FE5908FA18485232007C3B27 /* Thousand_Words.xcdatamodeld in Sources */,
			);
			runOnlyForDeploymentPostprocessing = 0;
		};
		FE5908FD18485232007C3B27 /* Sources */ = {
			isa = PBXSourcesBuildPhase;
			buildActionMask = 2147483647;
			files = (
				FE59091018485232007C3B27 /* Thousand_WordsTests.m in Sources */,
			);
			runOnlyForDeploymentPostprocessing = 0;
		};
/* End PBXSourcesBuildPhase section */

/* Begin PBXTargetDependency section */
		FE59090818485232007C3B27 /* PBXTargetDependency */ = {
			isa = PBXTargetDependency;
			target = FE5908E018485232007C3B27 /* Thousand Words */;
			targetProxy = FE59090718485232007C3B27 /* PBXContainerItemProxy */;
		};
/* End PBXTargetDependency section */

/* Begin PBXVariantGroup section */
		FE5908EF18485232007C3B27 /* InfoPlist.strings */ = {
			isa = PBXVariantGroup;
			children = (
				FE5908F018485232007C3B27 /* en */,
			);
			name = InfoPlist.strings;
			sourceTree = "<group>";
		};
		FE59090C18485232007C3B27 /* InfoPlist.strings */ = {
			isa = PBXVariantGroup;
			children = (
				FE59090D18485232007C3B27 /* en */,
			);
			name = InfoPlist.strings;
			sourceTree = "<group>";
		};
/* End PBXVariantGroup section */

/* Begin XCBuildConfiguration section */
		FE59091118485232007C3B27 /* Debug */ = {
			isa = XCBuildConfiguration;
			buildSettings = {
				ALWAYS_SEARCH_USER_PATHS = NO;
				ARCHS = "$(ARCHS_STANDARD_INCLUDING_64_BIT)";
				CLANG_CXX_LANGUAGE_STANDARD = "gnu++0x";
				CLANG_CXX_LIBRARY = "libc++";
				CLANG_ENABLE_MODULES = YES;
				CLANG_ENABLE_OBJC_ARC = YES;
				CLANG_WARN_BOOL_CONVERSION = YES;
				CLANG_WARN_CONSTANT_CONVERSION = YES;
				CLANG_WARN_DIRECT_OBJC_ISA_USAGE = YES_ERROR;
				CLANG_WARN_EMPTY_BODY = YES;
				CLANG_WARN_ENUM_CONVERSION = YES;
				CLANG_WARN_INT_CONVERSION = YES;
				CLANG_WARN_OBJC_ROOT_CLASS = YES_ERROR;
				CLANG_WARN__DUPLICATE_METHOD_MATCH = YES;
				"CODE_SIGN_IDENTITY[sdk=iphoneos*]" = "iPhone Developer";
				COPY_PHASE_STRIP = NO;
				GCC_C_LANGUAGE_STANDARD = gnu99;
				GCC_DYNAMIC_NO_PIC = NO;
				GCC_OPTIMIZATION_LEVEL = 0;
				GCC_PREPROCESSOR_DEFINITIONS = (
					"DEBUG=1",
					"$(inherited)",
				);
				GCC_SYMBOLS_PRIVATE_EXTERN = NO;
				GCC_WARN_64_TO_32_BIT_CONVERSION = YES;
				GCC_WARN_ABOUT_RETURN_TYPE = YES_ERROR;
				GCC_WARN_UNDECLARED_SELECTOR = YES;
				GCC_WARN_UNINITIALIZED_AUTOS = YES;
				GCC_WARN_UNUSED_FUNCTION = YES;
				GCC_WARN_UNUSED_VARIABLE = YES;
				IPHONEOS_DEPLOYMENT_TARGET = 7.0;
				ONLY_ACTIVE_ARCH = YES;
				SDKROOT = iphoneos;
			};
			name = Debug;
		};
		FE59091218485232007C3B27 /* Release */ = {
			isa = XCBuildConfiguration;
			buildSettings = {
				ALWAYS_SEARCH_USER_PATHS = NO;
				ARCHS = "$(ARCHS_STANDARD_INCLUDING_64_BIT)";
				CLANG_CXX_LANGUAGE_STANDARD = "gnu++0x";
				CLANG_CXX_LIBRARY = "libc++";
				CLANG_ENABLE_MODULES = YES;
				CLANG_ENABLE_OBJC_ARC = YES;
				CLANG_WARN_BOOL_CONVERSION = YES;
				CLANG_WARN_CONSTANT_CONVERSION = YES;
				CLANG_WARN_DIRECT_OBJC_ISA_USAGE = YES_ERROR;
				CLANG_WARN_EMPTY_BODY = YES;
				CLANG_WARN_ENUM_CONVERSION = YES;
				CLANG_WARN_INT_CONVERSION = YES;
				CLANG_WARN_OBJC_ROOT_CLASS = YES_ERROR;
				CLANG_WARN__DUPLICATE_METHOD_MATCH = YES;
				"CODE_SIGN_IDENTITY[sdk=iphoneos*]" = "iPhone Developer";
				COPY_PHASE_STRIP = YES;
				ENABLE_NS_ASSERTIONS = NO;
				GCC_C_LANGUAGE_STANDARD = gnu99;
				GCC_WARN_64_TO_32_BIT_CONVERSION = YES;
				GCC_WARN_ABOUT_RETURN_TYPE = YES_ERROR;
				GCC_WARN_UNDECLARED_SELECTOR = YES;
				GCC_WARN_UNINITIALIZED_AUTOS = YES;
				GCC_WARN_UNUSED_FUNCTION = YES;
				GCC_WARN_UNUSED_VARIABLE = YES;
				IPHONEOS_DEPLOYMENT_TARGET = 7.0;
				SDKROOT = iphoneos;
				VALIDATE_PRODUCT = YES;
			};
			name = Release;
		};
		FE59091418485232007C3B27 /* Debug */ = {
			isa = XCBuildConfiguration;
			buildSettings = {
				ASSETCATALOG_COMPILER_APPICON_NAME = AppIcon;
				ASSETCATALOG_COMPILER_LAUNCHIMAGE_NAME = LaunchImage;
				GCC_PRECOMPILE_PREFIX_HEADER = YES;
				GCC_PREFIX_HEADER = "Thousand Words/Thousand Words-Prefix.pch";
				INFOPLIST_FILE = "Thousand Words/Thousand Words-Info.plist";
				PRODUCT_NAME = "$(TARGET_NAME)";
				WRAPPER_EXTENSION = app;
			};
			name = Debug;
		};
		FE59091518485232007C3B27 /* Release */ = {
			isa = XCBuildConfiguration;
			buildSettings = {
				ASSETCATALOG_COMPILER_APPICON_NAME = AppIcon;
				ASSETCATALOG_COMPILER_LAUNCHIMAGE_NAME = LaunchImage;
				GCC_PRECOMPILE_PREFIX_HEADER = YES;
				GCC_PREFIX_HEADER = "Thousand Words/Thousand Words-Prefix.pch";
				INFOPLIST_FILE = "Thousand Words/Thousand Words-Info.plist";
				PRODUCT_NAME = "$(TARGET_NAME)";
				WRAPPER_EXTENSION = app;
			};
			name = Release;
		};
		FE59091718485232007C3B27 /* Debug */ = {
			isa = XCBuildConfiguration;
			buildSettings = {
				ARCHS = "$(ARCHS_STANDARD_INCLUDING_64_BIT)";
				BUNDLE_LOADER = "$(BUILT_PRODUCTS_DIR)/Thousand Words.app/Thousand Words";
				FRAMEWORK_SEARCH_PATHS = (
					"$(SDKROOT)/Developer/Library/Frameworks",
					"$(inherited)",
					"$(DEVELOPER_FRAMEWORKS_DIR)",
				);
				GCC_PRECOMPILE_PREFIX_HEADER = YES;
				GCC_PREFIX_HEADER = "Thousand Words/Thousand Words-Prefix.pch";
				GCC_PREPROCESSOR_DEFINITIONS = (
					"DEBUG=1",
					"$(inherited)",
				);
				INFOPLIST_FILE = "Thousand WordsTests/Thousand WordsTests-Info.plist";
				PRODUCT_NAME = "$(TARGET_NAME)";
				TEST_HOST = "$(BUNDLE_LOADER)";
				WRAPPER_EXTENSION = xctest;
			};
			name = Debug;
		};
		FE59091818485232007C3B27 /* Release */ = {
			isa = XCBuildConfiguration;
			buildSettings = {
				ARCHS = "$(ARCHS_STANDARD_INCLUDING_64_BIT)";
				BUNDLE_LOADER = "$(BUILT_PRODUCTS_DIR)/Thousand Words.app/Thousand Words";
				FRAMEWORK_SEARCH_PATHS = (
					"$(SDKROOT)/Developer/Library/Frameworks",
					"$(inherited)",
					"$(DEVELOPER_FRAMEWORKS_DIR)",
				);
				GCC_PRECOMPILE_PREFIX_HEADER = YES;
				GCC_PREFIX_HEADER = "Thousand Words/Thousand Words-Prefix.pch";
				INFOPLIST_FILE = "Thousand WordsTests/Thousand WordsTests-Info.plist";
				PRODUCT_NAME = "$(TARGET_NAME)";
				TEST_HOST = "$(BUNDLE_LOADER)";
				WRAPPER_EXTENSION = xctest;
			};
			name = Release;
		};
/* End XCBuildConfiguration section */

/* Begin XCConfigurationList section */
		FE5908DC18485232007C3B27 /* Build configuration list for PBXProject "Thousand Words" */ = {
			isa = XCConfigurationList;
			buildConfigurations = (
				FE59091118485232007C3B27 /* Debug */,
				FE59091218485232007C3B27 /* Release */,
			);
			defaultConfigurationIsVisible = 0;
			defaultConfigurationName = Release;
		};
		FE59091318485232007C3B27 /* Build configuration list for PBXNativeTarget "Thousand Words" */ = {
			isa = XCConfigurationList;
			buildConfigurations = (
				FE59091418485232007C3B27 /* Debug */,
				FE59091518485232007C3B27 /* Release */,
			);
			defaultConfigurationIsVisible = 0;
		};
		FE59091618485232007C3B27 /* Build configuration list for PBXNativeTarget "Thousand WordsTests" */ = {
			isa = XCConfigurationList;
			buildConfigurations = (
				FE59091718485232007C3B27 /* Debug */,
				FE59091818485232007C3B27 /* Release */,
			);
			defaultConfigurationIsVisible = 0;
		};
/* End XCConfigurationList section */

/* Begin XCVersionGroup section */
		FE5908F818485232007C3B27 /* Thousand_Words.xcdatamodeld */ = {
			isa = XCVersionGroup;
			children = (
				FE5908F918485232007C3B27 /* Thousand_Words.xcdatamodel */,
			);
			currentVersion = FE5908F918485232007C3B27 /* Thousand_Words.xcdatamodel */;
			path = Thousand_Words.xcdatamodeld;
			sourceTree = "<group>";
			versionGroupType = wrapper.xcdatamodel;
		};
/* End XCVersionGroup section */
	};
	rootObject = FE5908D918485232007C3B27 /* Project object */;
}
